
Microsoft Visual Studio Solution File, Format Version 12.00
# Visual Studio Version 17
VisualStudioVersion = 17.9.34616.47
MinimumVisualStudioVersion = 10.0.40219.1
Project("{FAE04EC0-301F-11D3-BF4B-00C04F79EFBC}") = "RDGweb", "RDGweb.csproj", "{845CD035-EC15-45EC-BC71-E8DE3281C33C}"
EndProject
Project("{2150E333-8FDC-42A3-9474-1A3956D46DE8}") = "Elementos de la solución", "Elementos de la solución", "{F3BA5F1A-994E-453A-9777-CBF2A644A81D}"
	ProjectSection(SolutionItems) = preProject
		..\..\..\..\OneDrive\Imágenes\descargadas\download.jpeg = ..\..\..\..\OneDrive\Imágenes\descargadas\download.jpeg
	EndProjectSection
EndProject
Global
	GlobalSection(SolutionConfigurationPlatforms) = preSolution
		Debug|Any CPU = Debug|Any CPU
		Release|Any CPU = Release|Any CPU
	EndGlobalSection
	GlobalSection(ProjectConfigurationPlatforms) = postSolution
		{845CD035-EC15-45EC-BC71-E8DE3281C33C}.Debug|Any CPU.ActiveCfg = Debug|Any CPU
		{845CD035-EC15-45EC-BC71-E8DE3281C33C}.Debug|Any CPU.Build.0 = Debug|Any CPU
		{845CD035-EC15-45EC-BC71-E8DE3281C33C}.Release|Any CPU.ActiveCfg = Release|Any CPU
		{845CD035-EC15-45EC-BC71-E8DE3281C33C}.Release|Any CPU.Build.0 = Release|Any CPU
	EndGlobalSection
	GlobalSection(SolutionProperties) = preSolution
		HideSolutionNode = FALSE
	EndGlobalSection
	GlobalSection(ExtensibilityGlobals) = postSolution
		SolutionGuid = {805EB85F-9F64-4C23-BF69-7C8483F6C84B}
	EndGlobalSection
EndGlobal
